// !$*UTF8*$!
{
	archiveVersion = 1;
	classes = {
	};
	objectVersion = 55;
	objects = {

/* Begin PBXBuildFile section */
		3C61145527F1D6E000541FBC /* Ressources.swift in Sources */ = {isa = PBXBuildFile; fileRef = 3C61145427F1D6E000541FBC /* Ressources.swift */; };
		3C61146127F32BBF00541FBC /* ContentView.swift in Sources */ = {isa = PBXBuildFile; fileRef = 3C61146027F32BBF00541FBC /* ContentView.swift */; };
		3C61146327F32BFC00541FBC /* RecipeListView.swift in Sources */ = {isa = PBXBuildFile; fileRef = 3C61146227F32BFC00541FBC /* RecipeListView.swift */; };
		3C61146527F32C0300541FBC /* RecipeDetailView.swift in Sources */ = {isa = PBXBuildFile; fileRef = 3C61146427F32C0300541FBC /* RecipeDetailView.swift */; };
		3C61146727F32C0D00541FBC /* OrderView.swift in Sources */ = {isa = PBXBuildFile; fileRef = 3C61146627F32C0D00541FBC /* OrderView.swift */; };
		3C61146927F32C1800541FBC /* PaimentView.swift in Sources */ = {isa = PBXBuildFile; fileRef = 3C61146827F32C1800541FBC /* PaimentView.swift */; };
		3C61146E27F32E6C00541FBC /* RecipeImageView.swift in Sources */ = {isa = PBXBuildFile; fileRef = 3C61146D27F32E6C00541FBC /* RecipeImageView.swift */; };
		3C61147127F3336400541FBC /* RecipeViewModel.swift in Sources */ = {isa = PBXBuildFile; fileRef = 3C61147027F3336400541FBC /* RecipeViewModel.swift */; };
		3CC3F54727EF3311007D99CF /* ExempleVideoApp.swift in Sources */ = {isa = PBXBuildFile; fileRef = 3CC3F54627EF3311007D99CF /* ExempleVideoApp.swift */; };
		3CC3F54B27EF3312007D99CF /* Assets.xcassets in Resources */ = {isa = PBXBuildFile; fileRef = 3CC3F54A27EF3312007D99CF /* Assets.xcassets */; };
		3CC3F54E27EF3312007D99CF /* Preview Assets.xcassets in Resources */ = {isa = PBXBuildFile; fileRef = 3CC3F54D27EF3312007D99CF /* Preview Assets.xcassets */; };
		3CC3F55927EF386E007D99CF /* RecipeModel.swift in Sources */ = {isa = PBXBuildFile; fileRef = 3CC3F55827EF386E007D99CF /* RecipeModel.swift */; };
/* End PBXBuildFile section */

/* Begin PBXFileReference section */
		3C61145427F1D6E000541FBC /* Ressources.swift */ = {isa = PBXFileReference; lastKnownFileType = sourcecode.swift; path = Ressources.swift; sourceTree = "<group>"; };
		3C61146027F32BBF00541FBC /* ContentView.swift */ = {isa = PBXFileReference; lastKnownFileType = sourcecode.swift; path = ContentView.swift; sourceTree = "<group>"; };
		3C61146227F32BFC00541FBC /* RecipeListView.swift */ = {isa = PBXFileReference; lastKnownFileType = sourcecode.swift; path = RecipeListView.swift; sourceTree = "<group>"; };
		3C61146427F32C0300541FBC /* RecipeDetailView.swift */ = {isa = PBXFileReference; lastKnownFileType = sourcecode.swift; path = RecipeDetailView.swift; sourceTree = "<group>"; };
		3C61146627F32C0D00541FBC /* OrderView.swift */ = {isa = PBXFileReference; lastKnownFileType = sourcecode.swift; path = OrderView.swift; sourceTree = "<group>"; };
		3C61146827F32C1800541FBC /* PaimentView.swift */ = {isa = PBXFileReference; lastKnownFileType = sourcecode.swift; path = PaimentView.swift; sourceTree = "<group>"; };
		3C61146D27F32E6C00541FBC /* RecipeImageView.swift */ = {isa = PBXFileReference; lastKnownFileType = sourcecode.swift; path = RecipeImageView.swift; sourceTree = "<group>"; };
		3C61147027F3336400541FBC /* RecipeViewModel.swift */ = {isa = PBXFileReference; lastKnownFileType = sourcecode.swift; path = RecipeViewModel.swift; sourceTree = "<group>"; };
		3CC3F54327EF3311007D99CF /* ExempleVideo.app */ = {isa = PBXFileReference; explicitFileType = wrapper.application; includeInIndex = 0; path = ExempleVideo.app; sourceTree = BUILT_PRODUCTS_DIR; };
		3CC3F54627EF3311007D99CF /* ExempleVideoApp.swift */ = {isa = PBXFileReference; lastKnownFileType = sourcecode.swift; path = ExempleVideoApp.swift; sourceTree = "<group>"; };
		3CC3F54A27EF3312007D99CF /* Assets.xcassets */ = {isa = PBXFileReference; lastKnownFileType = folder.assetcatalog; path = Assets.xcassets; sourceTree = "<group>"; };
		3CC3F54D27EF3312007D99CF /* Preview Assets.xcassets */ = {isa = PBXFileReference; lastKnownFileType = folder.assetcatalog; path = "Preview Assets.xcassets"; sourceTree = "<group>"; };
		3CC3F55827EF386E007D99CF /* RecipeModel.swift */ = {isa = PBXFileReference; lastKnownFileType = sourcecode.swift; path = RecipeModel.swift; sourceTree = "<group>"; };
/* End PBXFileReference section */

/* Begin PBXFrameworksBuildPhase section */
		3CC3F54027EF3311007D99CF /* Frameworks */ = {
			isa = PBXFrameworksBuildPhase;
			buildActionMask = 2147483647;
			files = (
			);
			runOnlyForDeploymentPostprocessing = 0;
		};
/* End PBXFrameworksBuildPhase section */

/* Begin PBXGroup section */
		3C61146A27F32D0F00541FBC /* Model */ = {
			isa = PBXGroup;
			children = (
				3CC3F55827EF386E007D99CF /* RecipeModel.swift */,
			);
			path = Model;
			sourceTree = "<group>";
		};
		3C61146B27F32D1500541FBC /* Ressources */ = {
			isa = PBXGroup;
			children = (
				3C61145427F1D6E000541FBC /* Ressources.swift */,
			);
			path = Ressources;
			sourceTree = "<group>";
		};
		3C61146C27F32D2100541FBC /* View */ = {
			isa = PBXGroup;
			children = (
				3C61146027F32BBF00541FBC /* ContentView.swift */,
				3C61146227F32BFC00541FBC /* RecipeListView.swift */,
				3C61146427F32C0300541FBC /* RecipeDetailView.swift */,
				3C61146627F32C0D00541FBC /* OrderView.swift */,
				3C61146827F32C1800541FBC /* PaimentView.swift */,
				3C61146F27F32E7200541FBC /* Cell */,
			);
			path = View;
			sourceTree = "<group>";
		};
		3C61146F27F32E7200541FBC /* Cell */ = {
			isa = PBXGroup;
			children = (
				3C61146D27F32E6C00541FBC /* RecipeImageView.swift */,
			);
			path = Cell;
			sourceTree = "<group>";
		};
		3C61147227F3337100541FBC /* ViewModel */ = {
			isa = PBXGroup;
			children = (
				3C61147027F3336400541FBC /* RecipeViewModel.swift */,
			);
			path = ViewModel;
			sourceTree = "<group>";
		};
		3CC3F53A27EF3310007D99CF = {
			isa = PBXGroup;
			children = (
				3CC3F54527EF3311007D99CF /* ExempleVideo */,
				3CC3F54427EF3311007D99CF /* Products */,
			);
			sourceTree = "<group>";
		};
		3CC3F54427EF3311007D99CF /* Products */ = {
			isa = PBXGroup;
			children = (
				3CC3F54327EF3311007D99CF /* ExempleVideo.app */,
			);
			name = Products;
			sourceTree = "<group>";
		};
		3CC3F54527EF3311007D99CF /* ExempleVideo */ = {
			isa = PBXGroup;
			children = (
				3CC3F54627EF3311007D99CF /* ExempleVideoApp.swift */,
				3C61147227F3337100541FBC /* ViewModel */,
				3C61146A27F32D0F00541FBC /* Model */,
				3C61146B27F32D1500541FBC /* Ressources */,
				3C61146C27F32D2100541FBC /* View */,
				3CC3F54A27EF3312007D99CF /* Assets.xcassets */,
				3CC3F54C27EF3312007D99CF /* Preview Content */,
			);
			path = ExempleVideo;
			sourceTree = "<group>";
		};
		3CC3F54C27EF3312007D99CF /* Preview Content */ = {
			isa = PBXGroup;
			children = (
				3CC3F54D27EF3312007D99CF /* Preview Assets.xcassets */,
			);
			path = "Preview Content";
			sourceTree = "<group>";
		};
/* End PBXGroup section */

/* Begin PBXNativeTarget section */
		3CC3F54227EF3311007D99CF /* ExempleVideo */ = {
			isa = PBXNativeTarget;
			buildConfigurationList = 3CC3F55127EF3312007D99CF /* Build configuration list for PBXNativeTarget "ExempleVideo" */;
			buildPhases = (
				3CC3F53F27EF3311007D99CF /* Sources */,
				3CC3F54027EF3311007D99CF /* Frameworks */,
				3CC3F54127EF3311007D99CF /* Resources */,
			);
			buildRules = (
			);
			dependencies = (
			);
			name = ExempleVideo;
			productName = ExempleVideo;
			productReference = 3CC3F54327EF3311007D99CF /* ExempleVideo.app */;
			productType = "com.apple.product-type.application";
		};
/* End PBXNativeTarget section */

/* Begin PBXProject section */
		3CC3F53B27EF3310007D99CF /* Project object */ = {
			isa = PBXProject;
			attributes = {
				BuildIndependentTargetsInParallel = 1;
				LastSwiftUpdateCheck = 1330;
				LastUpgradeCheck = 1330;
				TargetAttributes = {
					3CC3F54227EF3311007D99CF = {
						CreatedOnToolsVersion = 13.3;
					};
				};
			};
			buildConfigurationList = 3CC3F53E27EF3310007D99CF /* Build configuration list for PBXProject "ExempleVideo" */;
			compatibilityVersion = "Xcode 13.0";
			developmentRegion = en;
			hasScannedForEncodings = 0;
			knownRegions = (
				en,
				Base,
			);
			mainGroup = 3CC3F53A27EF3310007D99CF;
			productRefGroup = 3CC3F54427EF3311007D99CF /* Products */;
			projectDirPath = "";
			projectRoot = "";
			targets = (
				3CC3F54227EF3311007D99CF /* ExempleVideo */,
			);
		};
/* End PBXProject section */

/* Begin PBXResourcesBuildPhase section */
		3CC3F54127EF3311007D99CF /* Resources */ = {
			isa = PBXResourcesBuildPhase;
			buildActionMask = 2147483647;
			files = (
				3CC3F54E27EF3312007D99CF /* Preview Assets.xcassets in Resources */,
				3CC3F54B27EF3312007D99CF /* Assets.xcassets in Resources */,
			);
			runOnlyForDeploymentPostprocessing = 0;
		};
/* End PBXResourcesBuildPhase section */

/* Begin PBXSourcesBuildPhase section */
		3CC3F53F27EF3311007D99CF /* Sources */ = {
			isa = PBXSourcesBuildPhase;
			buildActionMask = 2147483647;
			files = (
				3C61145527F1D6E000541FBC /* Ressources.swift in Sources */,
				3C61146527F32C0300541FBC /* RecipeDetailView.swift in Sources */,
				3CC3F55927EF386E007D99CF /* RecipeModel.swift in Sources */,
				3C61146327F32BFC00541FBC /* RecipeListView.swift in Sources */,
				3C61146727F32C0D00541FBC /* OrderView.swift in Sources */,
				3C61146E27F32E6C00541FBC /* RecipeImageView.swift in Sources */,
				3C61146927F32C1800541FBC /* PaimentView.swift in Sources */,
				3C61146127F32BBF00541FBC /* ContentView.swift in Sources */,
				3C61147127F3336400541FBC /* RecipeViewModel.swift in Sources */,
				3CC3F54727EF3311007D99CF /* ExempleVideoApp.swift in Sources */,
			);
			runOnlyForDeploymentPostprocessing = 0;
		};
/* End PBXSourcesBuildPhase section */

/* Begin XCBuildConfiguration section */
		3CC3F54F27EF3312007D99CF /* Debug */ = {
			isa = XCBuildConfiguration;
			buildSettings = {
				ALWAYS_SEARCH_USER_PATHS = NO;
				CLANG_ANALYZER_NONNULL = YES;
				CLANG_ANALYZER_NUMBER_OBJECT_CONVERSION = YES_AGGRESSIVE;
				CLANG_CXX_LANGUAGE_STANDARD = "gnu++17";
				CLANG_ENABLE_MODULES = YES;
				CLANG_ENABLE_OBJC_ARC = YES;
				CLANG_ENABLE_OBJC_WEAK = YES;
				CLANG_WARN_BLOCK_CAPTURE_AUTORELEASING = YES;
				CLANG_WARN_BOOL_CONVERSION = YES;
				CLANG_WARN_COMMA = YES;
				CLANG_WARN_CONSTANT_CONVERSION = YES;
				CLANG_WARN_DEPRECATED_OBJC_IMPLEMENTATIONS = YES;
				CLANG_WARN_DIRECT_OBJC_ISA_USAGE = YES_ERROR;
				CLANG_WARN_DOCUMENTATION_COMMENTS = YES;
				CLANG_WARN_EMPTY_BODY = YES;
				CLANG_WARN_ENUM_CONVERSION = YES;
				CLANG_WARN_INFINITE_RECURSION = YES;
				CLANG_WARN_INT_CONVERSION = YES;
				CLANG_WARN_NON_LITERAL_NULL_CONVERSION = YES;
				CLANG_WARN_OBJC_IMPLICIT_RETAIN_SELF = YES;
				CLANG_WARN_OBJC_LITERAL_CONVERSION = YES;
				CLANG_WARN_OBJC_ROOT_CLASS = YES_ERROR;
				CLANG_WARN_QUOTED_INCLUDE_IN_FRAMEWORK_HEADER = YES;
				CLANG_WARN_RANGE_LOOP_ANALYSIS = YES;
				CLANG_WARN_STRICT_PROTOTYPES = YES;
				CLANG_WARN_SUSPICIOUS_MOVE = YES;
				CLANG_WARN_UNGUARDED_AVAILABILITY = YES_AGGRESSIVE;
				CLANG_WARN_UNREACHABLE_CODE = YES;
				CLANG_WARN__DUPLICATE_METHOD_MATCH = YES;
				COPY_PHASE_STRIP = NO;
				DEBUG_INFORMATION_FORMAT = dwarf;
				ENABLE_STRICT_OBJC_MSGSEND = YES;
				ENABLE_TESTABILITY = YES;
				GCC_C_LANGUAGE_STANDARD = gnu11;
				GCC_DYNAMIC_NO_PIC = NO;
				GCC_NO_COMMON_BLOCKS = YES;
				GCC_OPTIMIZATION_LEVEL = 0;
				GCC_PREPROCESSOR_DEFINITIONS = (
					"DEBUG=1",
					"$(inherited)",
				);
				GCC_WARN_64_TO_32_BIT_CONVERSION = YES;
				GCC_WARN_ABOUT_RETURN_TYPE = YES_ERROR;
				GCC_WARN_UNDECLARED_SELECTOR = YES;
				GCC_WARN_UNINITIALIZED_AUTOS = YES_AGGRESSIVE;
				GCC_WARN_UNUSED_FUNCTION = YES;
				GCC_WARN_UNUSED_VARIABLE = YES;
				IPHONEOS_DEPLOYMENT_TARGET = 15.4;
				MTL_ENABLE_DEBUG_INFO = INCLUDE_SOURCE;
				MTL_FAST_MATH = YES;
				ONLY_ACTIVE_ARCH = YES;
				SDKROOT = iphoneos;
				SWIFT_ACTIVE_COMPILATION_CONDITIONS = DEBUG;
				SWIFT_OPTIMIZATION_LEVEL = "-Onone";
			};
			name = Debug;
		};
		3CC3F55027EF3312007D99CF /* Release */ = {
			isa = XCBuildConfiguration;
			buildSettings = {
				ALWAYS_SEARCH_USER_PATHS = NO;
				CLANG_ANALYZER_NONNULL = YES;
				CLANG_ANALYZER_NUMBER_OBJECT_CONVERSION = YES_AGGRESSIVE;
				CLANG_CXX_LANGUAGE_STANDARD = "gnu++17";
				CLANG_ENABLE_MODULES = YES;
				CLANG_ENABLE_OBJC_ARC = YES;
				CLANG_ENABLE_OBJC_WEAK = YES;
				CLANG_WARN_BLOCK_CAPTURE_AUTORELEASING = YES;
				CLANG_WARN_BOOL_CONVERSION = YES;
				CLANG_WARN_COMMA = YES;
				CLANG_WARN_CONSTANT_CONVERSION = YES;
				CLANG_WARN_DEPRECATED_OBJC_IMPLEMENTATIONS = YES;
				CLANG_WARN_DIRECT_OBJC_ISA_USAGE = YES_ERROR;
				CLANG_WARN_DOCUMENTATION_COMMENTS = YES;
				CLANG_WARN_EMPTY_BODY = YES;
				CLANG_WARN_ENUM_CONVERSION = YES;
				CLANG_WARN_INFINITE_RECURSION = YES;
				CLANG_WARN_INT_CONVERSION = YES;
				CLANG_WARN_NON_LITERAL_NULL_CONVERSION = YES;
				CLANG_WARN_OBJC_IMPLICIT_RETAIN_SELF = YES;
				CLANG_WARN_OBJC_LITERAL_CONVERSION = YES;
				CLANG_WARN_OBJC_ROOT_CLASS = YES_ERROR;
				CLANG_WARN_QUOTED_INCLUDE_IN_FRAMEWORK_HEADER = YES;
				CLANG_WARN_RANGE_LOOP_ANALYSIS = YES;
				CLANG_WARN_STRICT_PROTOTYPES = YES;
				CLANG_WARN_SUSPICIOUS_MOVE = YES;
				CLANG_WARN_UNGUARDED_AVAILABILITY = YES_AGGRESSIVE;
				CLANG_WARN_UNREACHABLE_CODE = YES;
				CLANG_WARN__DUPLICATE_METHOD_MATCH = YES;
				COPY_PHASE_STRIP = NO;
				DEBUG_INFORMATION_FORMAT = "dwarf-with-dsym";
				ENABLE_NS_ASSERTIONS = NO;
				ENABLE_STRICT_OBJC_MSGSEND = YES;
				GCC_C_LANGUAGE_STANDARD = gnu11;
				GCC_NO_COMMON_BLOCKS = YES;
				GCC_WARN_64_TO_32_BIT_CONVERSION = YES;
				GCC_WARN_ABOUT_RETURN_TYPE = YES_ERROR;
				GCC_WARN_UNDECLARED_SELECTOR = YES;
				GCC_WARN_UNINITIALIZED_AUTOS = YES_AGGRESSIVE;
				GCC_WARN_UNUSED_FUNCTION = YES;
				GCC_WARN_UNUSED_VARIABLE = YES;
				IPHONEOS_DEPLOYMENT_TARGET = 15.4;
				MTL_ENABLE_DEBUG_INFO = NO;
				MTL_FAST_MATH = YES;
				SDKROOT = iphoneos;
				SWIFT_COMPILATION_MODE = wholemodule;
				SWIFT_OPTIMIZATION_LEVEL = "-O";
				VALIDATE_PRODUCT = YES;
			};
			name = Release;
		};
		3CC3F55227EF3312007D99CF /* Debug */ = {
			isa = XCBuildConfiguration;
			buildSettings = {
				ASSETCATALOG_COMPILER_APPICON_NAME = AppIcon;
				ASSETCATALOG_COMPILER_GLOBAL_ACCENT_COLOR_NAME = AccentColor;
				CODE_SIGN_STYLE = Automatic;
				CURRENT_PROJECT_VERSION = 1;
				DEVELOPMENT_ASSET_PATHS = "\"ExempleVideo/Preview Content\"";
				ENABLE_PREVIEWS = YES;
				GENERATE_INFOPLIST_FILE = YES;
				INFOPLIST_KEY_UIApplicationSceneManifest_Generation = YES;
				INFOPLIST_KEY_UIApplicationSupportsIndirectInputEvents = YES;
				INFOPLIST_KEY_UILaunchScreen_Generation = YES;
				INFOPLIST_KEY_UISupportedInterfaceOrientations_iPad = "UIInterfaceOrientationPortrait UIInterfaceOrientationPortraitUpsideDown UIInterfaceOrientationLandscapeLeft UIInterfaceOrientationLandscapeRight";
				INFOPLIST_KEY_UISupportedInterfaceOrientations_iPhone = "UIInterfaceOrientationPortrait UIInterfaceOrientationLandscapeLeft UIInterfaceOrientationLandscapeRight";
				LD_RUNPATH_SEARCH_PATHS = (
					"$(inherited)",
					"@executable_path/Frameworks",
				);
				MARKETING_VERSION = 1.0;
				PRODUCT_BUNDLE_IDENTIFIER = com.elliot.knight..ExempleVideo;
				PRODUCT_NAME = "$(TARGET_NAME)";
				SWIFT_EMIT_LOC_STRINGS = YES;
				SWIFT_VERSION = 5.0;
				TARGETED_DEVICE_FAMILY = "1,2";
			};
			name = Debug;
		};
		3CC3F55327EF3312007D99CF /* Release */ = {
			isa = XCBuildConfiguration;
			buildSettings = {
				ASSETCATALOG_COMPILER_APPICON_NAME = AppIcon;
				ASSETCATALOG_COMPILER_GLOBAL_ACCENT_COLOR_NAME = AccentColor;
				CODE_SIGN_STYLE = Automatic;
				CURRENT_PROJECT_VERSION = 1;
				DEVELOPMENT_ASSET_PATHS = "\"ExempleVideo/Preview Content\"";
				ENABLE_PREVIEWS = YES;
				GENERATE_INFOPLIST_FILE = YES;
				INFOPLIST_KEY_UIApplicationSceneManifest_Generation = YES;
				INFOPLIST_KEY_UIApplicationSupportsIndirectInputEvents = YES;
				INFOPLIST_KEY_UILaunchScreen_Generation = YES;
				INFOPLIST_KEY_UISupportedInterfaceOrientations_iPad = "UIInterfaceOrientationPortrait UIInterfaceOrientationPortraitUpsideDown UIInterfaceOrientationLandscapeLeft UIInterfaceOrientationLandscapeRight";
				INFOPLIST_KEY_UISupportedInterfaceOrientations_iPhone = "UIInterfaceOrientationPortrait UIInterfaceOrientationLandscapeLeft UIInterfaceOrientationLandscapeRight";
				LD_RUNPATH_SEARCH_PATHS = (
					"$(inherited)",
					"@executable_path/Frameworks",
				);
				MARKETING_VERSION = 1.0;
				PRODUCT_BUNDLE_IDENTIFIER = com.elliot.knight..ExempleVideo;
				PRODUCT_NAME = "$(TARGET_NAME)";
				SWIFT_EMIT_LOC_STRINGS = YES;
				SWIFT_VERSION = 5.0;
				TARGETED_DEVICE_FAMILY = "1,2";
			};
			name = Release;
		};
/* End XCBuildConfiguration section */

/* Begin XCConfigurationList section */
		3CC3F53E27EF3310007D99CF /* Build configuration list for PBXProject "ExempleVideo" */ = {
			isa = XCConfigurationList;
			buildConfigurations = (
				3CC3F54F27EF3312007D99CF /* Debug */,
				3CC3F55027EF3312007D99CF /* Release */,
			);
			defaultConfigurationIsVisible = 0;
			defaultConfigurationName = Release;
		};
		3CC3F55127EF3312007D99CF /* Build configuration list for PBXNativeTarget "ExempleVideo" */ = {
			isa = XCConfigurationList;
			buildConfigurations = (
				3CC3F55227EF3312007D99CF /* Debug */,
				3CC3F55327EF3312007D99CF /* Release */,
			);
			defaultConfigurationIsVisible = 0;
			defaultConfigurationName = Release;
		};
/* End XCConfigurationList section */
	};
	rootObject = 3CC3F53B27EF3310007D99CF /* Project object */;
}
